
Microsoft Visual Studio Solution File, Format Version 12.00
# Visual Studio Version 16
VisualStudioVersion = 16.0.31205.134
MinimumVisualStudioVersion = 10.0.40219.1
Project("{FAE04EC0-301F-11D3-BF4B-00C04F79EFBC}") = "CA2", "CA2\CA2.csproj", "{77C7F02F-4ED6-4692-908C-4EE624B44FEE}"
EndProject
Project("{FAE04EC0-301F-11D3-BF4B-00C04F79EFBC}") = "Northwind.Store.Model", "Northwind.Store.Model\Northwind.Store.Model.csproj", "{A71AE4AD-2F8B-47B7-8387-C8ABF50F4A87}"
EndProject
Project("{FAE04EC0-301F-11D3-BF4B-00C04F79EFBC}") = "Northwind.Store.Data", "Northwind.Store.Data\Northwind.Store.Data.csproj", "{5146E487-6936-4F25-BEE0-52CCF1508EC2}"
EndProject
Global
	GlobalSection(SolutionConfigurationPlatforms) = preSolution
		Debug|Any CPU = Debug|Any CPU
		Release|Any CPU = Release|Any CPU
	EndGlobalSection
	GlobalSection(ProjectConfigurationPlatforms) = postSolution
		{77C7F02F-4ED6-4692-908C-4EE624B44FEE}.Debug|Any CPU.ActiveCfg = Debug|Any CPU
		{77C7F02F-4ED6-4692-908C-4EE624B44FEE}.Debug|Any CPU.Build.0 = Debug|Any CPU
		{77C7F02F-4ED6-4692-908C-4EE624B44FEE}.Release|Any CPU.ActiveCfg = Release|Any CPU
		{77C7F02F-4ED6-4692-908C-4EE624B44FEE}.Release|Any CPU.Build.0 = Release|Any CPU
		{A71AE4AD-2F8B-47B7-8387-C8ABF50F4A87}.Debug|Any CPU.ActiveCfg = Debug|Any CPU
		{A71AE4AD-2F8B-47B7-8387-C8ABF50F4A87}.Debug|Any CPU.Build.0 = Debug|Any CPU
		{A71AE4AD-2F8B-47B7-8387-C8ABF50F4A87}.Release|Any CPU.ActiveCfg = Release|Any CPU
		{A71AE4AD-2F8B-47B7-8387-C8ABF50F4A87}.Release|Any CPU.Build.0 = Release|Any CPU
		{5146E487-6936-4F25-BEE0-52CCF1508EC2}.Debug|Any CPU.ActiveCfg = Debug|Any CPU
		{5146E487-6936-4F25-BEE0-52CCF1508EC2}.Debug|Any CPU.Build.0 = Debug|Any CPU
		{5146E487-6936-4F25-BEE0-52CCF1508EC2}.Release|Any CPU.ActiveCfg = Release|Any CPU
		{5146E487-6936-4F25-BEE0-52CCF1508EC2}.Release|Any CPU.Build.0 = Release|Any CPU
	EndGlobalSection
	GlobalSection(SolutionProperties) = preSolution
		HideSolutionNode = FALSE
	EndGlobalSection
	GlobalSection(ExtensibilityGlobals) = postSolution
		SolutionGuid = {33EE5FAB-4A6B-402E-B6F6-75250BB6C3D1}
	EndGlobalSection
EndGlobal
