
Microsoft Visual Studio Solution File, Format Version 12.00
# Visual Studio 2013
VisualStudioVersion = 12.0.30110.0
MinimumVisualStudioVersion = 10.0.40219.1
Project("{FAE04EC0-301F-11D3-BF4B-00C04F79EFBC}") = "MyChat", "MyChat\MyChat.csproj", "{4F179144-E027-4094-A463-EF3D3A3CABF7}"
EndProject
Project("{FAE04EC0-301F-11D3-BF4B-00C04F79EFBC}") = "MyChatHub", "MyChatHub\MyChatHub.csproj", "{24DCFCFD-3A1D-4CA3-96B7-F48FFF5C976C}"
EndProject
Global
	GlobalSection(SolutionConfigurationPlatforms) = preSolution
		Debug|Any CPU = Debug|Any CPU
		Release|Any CPU = Release|Any CPU
	EndGlobalSection
	GlobalSection(ProjectConfigurationPlatforms) = postSolution
		{4F179144-E027-4094-A463-EF3D3A3CABF7}.Debug|Any CPU.ActiveCfg = Debug|Any CPU
		{4F179144-E027-4094-A463-EF3D3A3CABF7}.Debug|Any CPU.Build.0 = Debug|Any CPU
		{4F179144-E027-4094-A463-EF3D3A3CABF7}.Release|Any CPU.ActiveCfg = Release|Any CPU
		{4F179144-E027-4094-A463-EF3D3A3CABF7}.Release|Any CPU.Build.0 = Release|Any CPU
		{24DCFCFD-3A1D-4CA3-96B7-F48FFF5C976C}.Debug|Any CPU.ActiveCfg = Debug|Any CPU
		{24DCFCFD-3A1D-4CA3-96B7-F48FFF5C976C}.Debug|Any CPU.Build.0 = Debug|Any CPU
		{24DCFCFD-3A1D-4CA3-96B7-F48FFF5C976C}.Release|Any CPU.ActiveCfg = Release|Any CPU
		{24DCFCFD-3A1D-4CA3-96B7-F48FFF5C976C}.Release|Any CPU.Build.0 = Release|Any CPU
	EndGlobalSection
	GlobalSection(SolutionProperties) = preSolution
		HideSolutionNode = FALSE
	EndGlobalSection
EndGlobal
